
Microsoft Visual Studio Solution File, Format Version 12.00
# Visual Studio 2013
VisualStudioVersion = 12.0.30723.0
MinimumVisualStudioVersion = 10.0.40219.1
Project("{FAE04EC0-301F-11D3-BF4B-00C04F79EFBC}") = "MorseCode", "Reddit_Dayli_Programmer\MorseCode.csproj", "{B9B89C58-EFF1-4A8B-B9A2-17595C003AD5}"
EndProject
Project("{FAE04EC0-301F-11D3-BF4B-00C04F79EFBC}") = "BogoSort", "BogoSort\BogoSort.csproj", "{1708D41F-EF39-42DB-A293-D50DDBCCC7D2}"
EndProject
Global
	GlobalSection(SolutionConfigurationPlatforms) = preSolution
		Debug|Any CPU = Debug|Any CPU
		Release|Any CPU = Release|Any CPU
	EndGlobalSection
	GlobalSection(ProjectConfigurationPlatforms) = postSolution
		{B9B89C58-EFF1-4A8B-B9A2-17595C003AD5}.Debug|Any CPU.ActiveCfg = Debug|Any CPU
		{B9B89C58-EFF1-4A8B-B9A2-17595C003AD5}.Debug|Any CPU.Build.0 = Debug|Any CPU
		{B9B89C58-EFF1-4A8B-B9A2-17595C003AD5}.Release|Any CPU.ActiveCfg = Release|Any CPU
		{B9B89C58-EFF1-4A8B-B9A2-17595C003AD5}.Release|Any CPU.Build.0 = Release|Any CPU
		{1708D41F-EF39-42DB-A293-D50DDBCCC7D2}.Debug|Any CPU.ActiveCfg = Debug|Any CPU
		{1708D41F-EF39-42DB-A293-D50DDBCCC7D2}.Debug|Any CPU.Build.0 = Debug|Any CPU
		{1708D41F-EF39-42DB-A293-D50DDBCCC7D2}.Release|Any CPU.ActiveCfg = Release|Any CPU
		{1708D41F-EF39-42DB-A293-D50DDBCCC7D2}.Release|Any CPU.Build.0 = Release|Any CPU
	EndGlobalSection
	GlobalSection(SolutionProperties) = preSolution
		HideSolutionNode = FALSE
	EndGlobalSection
EndGlobal
